// !$*UTF8*$!
{
	archiveVersion = 1;
	classes = {
	};
	objectVersion = 51;
	objects = {

/* Begin PBXBuildFile section */
		09486EE4D449AE91BFFE8549 /* Pods_PostMaid.framework in Frameworks */ = {isa = PBXBuildFile; fileRef = C5E19FEB8009DD2DB7C48304 /* Pods_PostMaid.framework */; };
		95BD805A2598569B00C94DA9 /* HttpClientTests.m in Sources */ = {isa = PBXBuildFile; fileRef = 95BD80592598569B00C94DA9 /* HttpClientTests.m */; };
		95E2584C24CE182300D4D44E /* AppDelegate.m in Sources */ = {isa = PBXBuildFile; fileRef = 95E2584B24CE182300D4D44E /* AppDelegate.m */; };
		95E2584F24CE182300D4D44E /* ViewController.m in Sources */ = {isa = PBXBuildFile; fileRef = 95E2584E24CE182300D4D44E /* ViewController.m */; };
		95E2585124CE182500D4D44E /* Assets.xcassets in Resources */ = {isa = PBXBuildFile; fileRef = 95E2585024CE182500D4D44E /* Assets.xcassets */; };
		95E2585424CE182500D4D44E /* Main.storyboard in Resources */ = {isa = PBXBuildFile; fileRef = 95E2585224CE182500D4D44E /* Main.storyboard */; };
		95E2585724CE182500D4D44E /* main.m in Sources */ = {isa = PBXBuildFile; fileRef = 95E2585624CE182500D4D44E /* main.m */; };
		95E2586224CE182500D4D44E /* PostMaidTests.m in Sources */ = {isa = PBXBuildFile; fileRef = 95E2586124CE182500D4D44E /* PostMaidTests.m */; };
		95E2586E24CE39BF00D4D44E /* HttpClient.m in Sources */ = {isa = PBXBuildFile; fileRef = 95E2586D24CE39BF00D4D44E /* HttpClient.m */; };
		95E2587024CE75A100D4D44E /* HttpClient.m in Sources */ = {isa = PBXBuildFile; fileRef = 95E2586D24CE39BF00D4D44E /* HttpClient.m */; };
		AEF33C469205C6F6F3E5F5D4 /* Pods_PostMaidTests.framework in Frameworks */ = {isa = PBXBuildFile; fileRef = 96A41964B4889EE51016A587 /* Pods_PostMaidTests.framework */; };
/* End PBXBuildFile section */

/* Begin PBXContainerItemProxy section */
		95E2585E24CE182500D4D44E /* PBXContainerItemProxy */ = {
			isa = PBXContainerItemProxy;
			containerPortal = 95E2583F24CE182300D4D44E /* Project object */;
			proxyType = 1;
			remoteGlobalIDString = 95E2584624CE182300D4D44E;
			remoteInfo = PostMaid;
		};
/* End PBXContainerItemProxy section */

/* Begin PBXFileReference section */
		12BAAF47B465E5EEC916209C /* Pods-PostMaidTests.debug.xcconfig */ = {isa = PBXFileReference; includeInIndex = 1; lastKnownFileType = text.xcconfig; name = "Pods-PostMaidTests.debug.xcconfig"; path = "Target Support Files/Pods-PostMaidTests/Pods-PostMaidTests.debug.xcconfig"; sourceTree = "<group>"; };
		388E4A81CA641F7B961FE0A9 /* Pods-PostMaidTests.release.xcconfig */ = {isa = PBXFileReference; includeInIndex = 1; lastKnownFileType = text.xcconfig; name = "Pods-PostMaidTests.release.xcconfig"; path = "Target Support Files/Pods-PostMaidTests/Pods-PostMaidTests.release.xcconfig"; sourceTree = "<group>"; };
		601D70B246024015F15A85D2 /* Pods-PostMaid.debug.xcconfig */ = {isa = PBXFileReference; includeInIndex = 1; lastKnownFileType = text.xcconfig; name = "Pods-PostMaid.debug.xcconfig"; path = "Target Support Files/Pods-PostMaid/Pods-PostMaid.debug.xcconfig"; sourceTree = "<group>"; };
		957E7E8E25984835003CA6FA /* Types.h */ = {isa = PBXFileReference; lastKnownFileType = sourcecode.c.h; path = Types.h; sourceTree = "<group>"; };
		95BD80592598569B00C94DA9 /* HttpClientTests.m */ = {isa = PBXFileReference; lastKnownFileType = sourcecode.c.objc; path = HttpClientTests.m; sourceTree = "<group>"; };
		95E2584724CE182300D4D44E /* PostMaid.app */ = {isa = PBXFileReference; explicitFileType = wrapper.application; includeInIndex = 0; path = PostMaid.app; sourceTree = BUILT_PRODUCTS_DIR; };
		95E2584A24CE182300D4D44E /* AppDelegate.h */ = {isa = PBXFileReference; lastKnownFileType = sourcecode.c.h; path = AppDelegate.h; sourceTree = "<group>"; };
		95E2584B24CE182300D4D44E /* AppDelegate.m */ = {isa = PBXFileReference; lastKnownFileType = sourcecode.c.objc; path = AppDelegate.m; sourceTree = "<group>"; };
		95E2584D24CE182300D4D44E /* ViewController.h */ = {isa = PBXFileReference; lastKnownFileType = sourcecode.c.h; path = ViewController.h; sourceTree = "<group>"; };
		95E2584E24CE182300D4D44E /* ViewController.m */ = {isa = PBXFileReference; lastKnownFileType = sourcecode.c.objc; path = ViewController.m; sourceTree = "<group>"; };
		95E2585024CE182500D4D44E /* Assets.xcassets */ = {isa = PBXFileReference; lastKnownFileType = folder.assetcatalog; path = Assets.xcassets; sourceTree = "<group>"; };
		95E2585324CE182500D4D44E /* Base */ = {isa = PBXFileReference; lastKnownFileType = file.storyboard; name = Base; path = Base.lproj/Main.storyboard; sourceTree = "<group>"; };
		95E2585524CE182500D4D44E /* Info.plist */ = {isa = PBXFileReference; lastKnownFileType = text.plist.xml; path = Info.plist; sourceTree = "<group>"; };
		95E2585624CE182500D4D44E /* main.m */ = {isa = PBXFileReference; lastKnownFileType = sourcecode.c.objc; path = main.m; sourceTree = "<group>"; };
		95E2585824CE182500D4D44E /* PostMaid.entitlements */ = {isa = PBXFileReference; lastKnownFileType = text.plist.entitlements; path = PostMaid.entitlements; sourceTree = "<group>"; };
		95E2585D24CE182500D4D44E /* PostMaidTests.xctest */ = {isa = PBXFileReference; explicitFileType = wrapper.cfbundle; includeInIndex = 0; path = PostMaidTests.xctest; sourceTree = BUILT_PRODUCTS_DIR; };
		95E2586124CE182500D4D44E /* PostMaidTests.m */ = {isa = PBXFileReference; lastKnownFileType = sourcecode.c.objc; path = PostMaidTests.m; sourceTree = "<group>"; };
		95E2586324CE182600D4D44E /* Info.plist */ = {isa = PBXFileReference; lastKnownFileType = text.plist.xml; path = Info.plist; sourceTree = "<group>"; };
		95E2586C24CE39BF00D4D44E /* HttpClient.h */ = {isa = PBXFileReference; lastKnownFileType = sourcecode.c.h; path = HttpClient.h; sourceTree = "<group>"; };
		95E2586D24CE39BF00D4D44E /* HttpClient.m */ = {isa = PBXFileReference; lastKnownFileType = sourcecode.c.objc; path = HttpClient.m; sourceTree = "<group>"; };
		96A41964B4889EE51016A587 /* Pods_PostMaidTests.framework */ = {isa = PBXFileReference; explicitFileType = wrapper.framework; includeInIndex = 0; path = Pods_PostMaidTests.framework; sourceTree = BUILT_PRODUCTS_DIR; };
		C5E19FEB8009DD2DB7C48304 /* Pods_PostMaid.framework */ = {isa = PBXFileReference; explicitFileType = wrapper.framework; includeInIndex = 0; path = Pods_PostMaid.framework; sourceTree = BUILT_PRODUCTS_DIR; };
		D62CF66F6EFD7A8382DDC8CB /* Pods-PostMaid.release.xcconfig */ = {isa = PBXFileReference; includeInIndex = 1; lastKnownFileType = text.xcconfig; name = "Pods-PostMaid.release.xcconfig"; path = "Target Support Files/Pods-PostMaid/Pods-PostMaid.release.xcconfig"; sourceTree = "<group>"; };
/* End PBXFileReference section */

/* Begin PBXFrameworksBuildPhase section */
		95E2584424CE182300D4D44E /* Frameworks */ = {
			isa = PBXFrameworksBuildPhase;
			buildActionMask = 2147483647;
			files = (
				09486EE4D449AE91BFFE8549 /* Pods_PostMaid.framework in Frameworks */,
			);
			runOnlyForDeploymentPostprocessing = 0;
		};
		95E2585A24CE182500D4D44E /* Frameworks */ = {
			isa = PBXFrameworksBuildPhase;
			buildActionMask = 2147483647;
			files = (
				AEF33C469205C6F6F3E5F5D4 /* Pods_PostMaidTests.framework in Frameworks */,
			);
			runOnlyForDeploymentPostprocessing = 0;
		};
/* End PBXFrameworksBuildPhase section */

/* Begin PBXGroup section */
		52738098516194BA4C918439 /* Frameworks */ = {
			isa = PBXGroup;
			children = (
				C5E19FEB8009DD2DB7C48304 /* Pods_PostMaid.framework */,
				96A41964B4889EE51016A587 /* Pods_PostMaidTests.framework */,
			);
			name = Frameworks;
			sourceTree = "<group>";
		};
		803365D5AB07127972494235 /* Pods */ = {
			isa = PBXGroup;
			children = (
				601D70B246024015F15A85D2 /* Pods-PostMaid.debug.xcconfig */,
				D62CF66F6EFD7A8382DDC8CB /* Pods-PostMaid.release.xcconfig */,
				12BAAF47B465E5EEC916209C /* Pods-PostMaidTests.debug.xcconfig */,
				388E4A81CA641F7B961FE0A9 /* Pods-PostMaidTests.release.xcconfig */,
			);
			path = Pods;
			sourceTree = "<group>";
		};
		95E2583E24CE182300D4D44E = {
			isa = PBXGroup;
			children = (
				95E2584924CE182300D4D44E /* PostMaid */,
				95E2586024CE182500D4D44E /* PostMaidTests */,
				95E2584824CE182300D4D44E /* Products */,
				803365D5AB07127972494235 /* Pods */,
				52738098516194BA4C918439 /* Frameworks */,
			);
			sourceTree = "<group>";
		};
		95E2584824CE182300D4D44E /* Products */ = {
			isa = PBXGroup;
			children = (
				95E2584724CE182300D4D44E /* PostMaid.app */,
				95E2585D24CE182500D4D44E /* PostMaidTests.xctest */,
			);
			name = Products;
			sourceTree = "<group>";
		};
		95E2584924CE182300D4D44E /* PostMaid */ = {
			isa = PBXGroup;
			children = (
				95E2584A24CE182300D4D44E /* AppDelegate.h */,
				95E2584B24CE182300D4D44E /* AppDelegate.m */,
				95E2584D24CE182300D4D44E /* ViewController.h */,
				95E2584E24CE182300D4D44E /* ViewController.m */,
				957E7E8E25984835003CA6FA /* Types.h */,
				95E2585024CE182500D4D44E /* Assets.xcassets */,
				95E2585224CE182500D4D44E /* Main.storyboard */,
				95E2585524CE182500D4D44E /* Info.plist */,
				95E2585624CE182500D4D44E /* main.m */,
				95E2585824CE182500D4D44E /* PostMaid.entitlements */,
				95E2586C24CE39BF00D4D44E /* HttpClient.h */,
				95E2586D24CE39BF00D4D44E /* HttpClient.m */,
			);
			path = PostMaid;
			sourceTree = "<group>";
		};
		95E2586024CE182500D4D44E /* PostMaidTests */ = {
			isa = PBXGroup;
			children = (
				95BD80592598569B00C94DA9 /* HttpClientTests.m */,
				95E2586124CE182500D4D44E /* PostMaidTests.m */,
				95E2586324CE182600D4D44E /* Info.plist */,
			);
			path = PostMaidTests;
			sourceTree = "<group>";
		};
/* End PBXGroup section */

/* Begin PBXNativeTarget section */
		95E2584624CE182300D4D44E /* PostMaid */ = {
			isa = PBXNativeTarget;
			buildConfigurationList = 95E2586624CE182600D4D44E /* Build configuration list for PBXNativeTarget "PostMaid" */;
			buildPhases = (
				C2B86B69FC9C9192905EA01D /* [CP] Check Pods Manifest.lock */,
				95E2584324CE182300D4D44E /* Sources */,
				95E2584424CE182300D4D44E /* Frameworks */,
				95E2584524CE182300D4D44E /* Resources */,
				BD295FC1C1422F2560550096 /* [CP] Embed Pods Frameworks */,
			);
			buildRules = (
			);
			dependencies = (
			);
			name = PostMaid;
			productName = PostMaid;
			productReference = 95E2584724CE182300D4D44E /* PostMaid.app */;
			productType = "com.apple.product-type.application";
		};
		95E2585C24CE182500D4D44E /* PostMaidTests */ = {
			isa = PBXNativeTarget;
			buildConfigurationList = 95E2586924CE182600D4D44E /* Build configuration list for PBXNativeTarget "PostMaidTests" */;
			buildPhases = (
				1B1D2884CBC46C4729E12FB8 /* [CP] Check Pods Manifest.lock */,
				95E2585924CE182500D4D44E /* Sources */,
				95E2585A24CE182500D4D44E /* Frameworks */,
				95E2585B24CE182500D4D44E /* Resources */,
			);
			buildRules = (
			);
			dependencies = (
				95E2585F24CE182500D4D44E /* PBXTargetDependency */,
			);
			name = PostMaidTests;
			productName = PostMaidTests;
			productReference = 95E2585D24CE182500D4D44E /* PostMaidTests.xctest */;
			productType = "com.apple.product-type.bundle.unit-test";
		};
/* End PBXNativeTarget section */

/* Begin PBXProject section */
		95E2583F24CE182300D4D44E /* Project object */ = {
			isa = PBXProject;
			attributes = {
				LastUpgradeCheck = 1130;
				ORGANIZATIONNAME = hades;
				TargetAttributes = {
					95E2584624CE182300D4D44E = {
						CreatedOnToolsVersion = 11.3.1;
					};
					95E2585C24CE182500D4D44E = {
						CreatedOnToolsVersion = 11.3.1;
						TestTargetID = 95E2584624CE182300D4D44E;
					};
				};
			};
			buildConfigurationList = 95E2584224CE182300D4D44E /* Build configuration list for PBXProject "PostMaid" */;
			compatibilityVersion = "Xcode 9.3";
			developmentRegion = en;
			hasScannedForEncodings = 0;
			knownRegions = (
				en,
				Base,
			);
			mainGroup = 95E2583E24CE182300D4D44E;
			productRefGroup = 95E2584824CE182300D4D44E /* Products */;
			projectDirPath = "";
			projectRoot = "";
			targets = (
				95E2584624CE182300D4D44E /* PostMaid */,
				95E2585C24CE182500D4D44E /* PostMaidTests */,
			);
		};
/* End PBXProject section */

/* Begin PBXResourcesBuildPhase section */
		95E2584524CE182300D4D44E /* Resources */ = {
			isa = PBXResourcesBuildPhase;
			buildActionMask = 2147483647;
			files = (
				95E2585124CE182500D4D44E /* Assets.xcassets in Resources */,
				95E2585424CE182500D4D44E /* Main.storyboard in Resources */,
			);
			runOnlyForDeploymentPostprocessing = 0;
		};
		95E2585B24CE182500D4D44E /* Resources */ = {
			isa = PBXResourcesBuildPhase;
			buildActionMask = 2147483647;
			files = (
			);
			runOnlyForDeploymentPostprocessing = 0;
		};
/* End PBXResourcesBuildPhase section */

/* Begin PBXShellScriptBuildPhase section */
		1B1D2884CBC46C4729E12FB8 /* [CP] Check Pods Manifest.lock */ = {
			isa = PBXShellScriptBuildPhase;
			buildActionMask = 2147483647;
			files = (
			);
			inputFileListPaths = (
			);
			inputPaths = (
				"${PODS_PODFILE_DIR_PATH}/Podfile.lock",
				"${PODS_ROOT}/Manifest.lock",
			);
			name = "[CP] Check Pods Manifest.lock";
			outputFileListPaths = (
			);
			outputPaths = (
				"$(DERIVED_FILE_DIR)/Pods-PostMaidTests-checkManifestLockResult.txt",
			);
			runOnlyForDeploymentPostprocessing = 0;
			shellPath = /bin/sh;
			shellScript = "diff \"${PODS_PODFILE_DIR_PATH}/Podfile.lock\" \"${PODS_ROOT}/Manifest.lock\" > /dev/null\nif [ $? != 0 ] ; then\n    # print error to STDERR\n    echo \"error: The sandbox is not in sync with the Podfile.lock. Run 'pod install' or update your CocoaPods installation.\" >&2\n    exit 1\nfi\n# This output is used by Xcode 'outputs' to avoid re-running this script phase.\necho \"SUCCESS\" > \"${SCRIPT_OUTPUT_FILE_0}\"\n";
			showEnvVarsInLog = 0;
		};
		BD295FC1C1422F2560550096 /* [CP] Embed Pods Frameworks */ = {
			isa = PBXShellScriptBuildPhase;
			buildActionMask = 2147483647;
			files = (
			);
			inputFileListPaths = (
				"${PODS_ROOT}/Target Support Files/Pods-PostMaid/Pods-PostMaid-frameworks-${CONFIGURATION}-input-files.xcfilelist",
			);
			name = "[CP] Embed Pods Frameworks";
			outputFileListPaths = (
				"${PODS_ROOT}/Target Support Files/Pods-PostMaid/Pods-PostMaid-frameworks-${CONFIGURATION}-output-files.xcfilelist",
			);
			runOnlyForDeploymentPostprocessing = 0;
			shellPath = /bin/sh;
			shellScript = "\"${PODS_ROOT}/Target Support Files/Pods-PostMaid/Pods-PostMaid-frameworks.sh\"\n";
			showEnvVarsInLog = 0;
		};
		C2B86B69FC9C9192905EA01D /* [CP] Check Pods Manifest.lock */ = {
			isa = PBXShellScriptBuildPhase;
			buildActionMask = 2147483647;
			files = (
			);
			inputFileListPaths = (
			);
			inputPaths = (
				"${PODS_PODFILE_DIR_PATH}/Podfile.lock",
				"${PODS_ROOT}/Manifest.lock",
			);
			name = "[CP] Check Pods Manifest.lock";
			outputFileListPaths = (
			);
			outputPaths = (
				"$(DERIVED_FILE_DIR)/Pods-PostMaid-checkManifestLockResult.txt",
			);
			runOnlyForDeploymentPostprocessing = 0;
			shellPath = /bin/sh;
			shellScript = "diff \"${PODS_PODFILE_DIR_PATH}/Podfile.lock\" \"${PODS_ROOT}/Manifest.lock\" > /dev/null\nif [ $? != 0 ] ; then\n    # print error to STDERR\n    echo \"error: The sandbox is not in sync with the Podfile.lock. Run 'pod install' or update your CocoaPods installation.\" >&2\n    exit 1\nfi\n# This output is used by Xcode 'outputs' to avoid re-running this script phase.\necho \"SUCCESS\" > \"${SCRIPT_OUTPUT_FILE_0}\"\n";
			showEnvVarsInLog = 0;
		};
/* End PBXShellScriptBuildPhase section */

/* Begin PBXSourcesBuildPhase section */
		95E2584324CE182300D4D44E /* Sources */ = {
			isa = PBXSourcesBuildPhase;
			buildActionMask = 2147483647;
			files = (
				95E2584F24CE182300D4D44E /* ViewController.m in Sources */,
				95E2585724CE182500D4D44E /* main.m in Sources */,
				95E2586E24CE39BF00D4D44E /* HttpClient.m in Sources */,
				95E2584C24CE182300D4D44E /* AppDelegate.m in Sources */,
			);
			runOnlyForDeploymentPostprocessing = 0;
		};
		95E2585924CE182500D4D44E /* Sources */ = {
			isa = PBXSourcesBuildPhase;
			buildActionMask = 2147483647;
			files = (
				95BD805A2598569B00C94DA9 /* HttpClientTests.m in Sources */,
				95E2587024CE75A100D4D44E /* HttpClient.m in Sources */,
				95E2586224CE182500D4D44E /* PostMaidTests.m in Sources */,
			);
			runOnlyForDeploymentPostprocessing = 0;
		};
/* End PBXSourcesBuildPhase section */

/* Begin PBXTargetDependency section */
		95E2585F24CE182500D4D44E /* PBXTargetDependency */ = {
			isa = PBXTargetDependency;
			target = 95E2584624CE182300D4D44E /* PostMaid */;
			targetProxy = 95E2585E24CE182500D4D44E /* PBXContainerItemProxy */;
		};
/* End PBXTargetDependency section */

/* Begin PBXVariantGroup section */
		95E2585224CE182500D4D44E /* Main.storyboard */ = {
			isa = PBXVariantGroup;
			children = (
				95E2585324CE182500D4D44E /* Base */,
			);
			name = Main.storyboard;
			sourceTree = "<group>";
		};
/* End PBXVariantGroup section */

/* Begin XCBuildConfiguration section */
		95E2586424CE182600D4D44E /* Debug */ = {
			isa = XCBuildConfiguration;
			buildSettings = {
				ALWAYS_SEARCH_USER_PATHS = NO;
				CLANG_ANALYZER_NONNULL = YES;
				CLANG_ANALYZER_NUMBER_OBJECT_CONVERSION = YES_AGGRESSIVE;
				CLANG_CXX_LANGUAGE_STANDARD = "gnu++14";
				CLANG_CXX_LIBRARY = "libc++";
				CLANG_ENABLE_MODULES = YES;
				CLANG_ENABLE_OBJC_ARC = YES;
				CLANG_ENABLE_OBJC_WEAK = YES;
				CLANG_WARN_BLOCK_CAPTURE_AUTORELEASING = YES;
				CLANG_WARN_BOOL_CONVERSION = YES;
				CLANG_WARN_COMMA = YES;
				CLANG_WARN_CONSTANT_CONVERSION = YES;
				CLANG_WARN_DEPRECATED_OBJC_IMPLEMENTATIONS = YES;
				CLANG_WARN_DIRECT_OBJC_ISA_USAGE = YES_ERROR;
				CLANG_WARN_DOCUMENTATION_COMMENTS = YES;
				CLANG_WARN_EMPTY_BODY = YES;
				CLANG_WARN_ENUM_CONVERSION = YES;
				CLANG_WARN_INFINITE_RECURSION = YES;
				CLANG_WARN_INT_CONVERSION = YES;
				CLANG_WARN_NON_LITERAL_NULL_CONVERSION = YES;
				CLANG_WARN_OBJC_IMPLICIT_RETAIN_SELF = YES;
				CLANG_WARN_OBJC_LITERAL_CONVERSION = YES;
				CLANG_WARN_OBJC_ROOT_CLASS = YES_ERROR;
				CLANG_WARN_RANGE_LOOP_ANALYSIS = YES;
				CLANG_WARN_STRICT_PROTOTYPES = YES;
				CLANG_WARN_SUSPICIOUS_MOVE = YES;
				CLANG_WARN_UNGUARDED_AVAILABILITY = YES_AGGRESSIVE;
				CLANG_WARN_UNREACHABLE_CODE = YES;
				CLANG_WARN__DUPLICATE_METHOD_MATCH = YES;
				COPY_PHASE_STRIP = NO;
				DEBUG_INFORMATION_FORMAT = dwarf;
				ENABLE_STRICT_OBJC_MSGSEND = YES;
				ENABLE_TESTABILITY = YES;
				GCC_C_LANGUAGE_STANDARD = gnu11;
				GCC_DYNAMIC_NO_PIC = NO;
				GCC_NO_COMMON_BLOCKS = YES;
				GCC_OPTIMIZATION_LEVEL = 0;
				GCC_PREPROCESSOR_DEFINITIONS = (
					"DEBUG=1",
					"$(inherited)",
				);
				GCC_WARN_64_TO_32_BIT_CONVERSION = YES;
				GCC_WARN_ABOUT_RETURN_TYPE = YES_ERROR;
				GCC_WARN_UNDECLARED_SELECTOR = YES;
				GCC_WARN_UNINITIALIZED_AUTOS = YES_AGGRESSIVE;
				GCC_WARN_UNUSED_FUNCTION = YES;
				GCC_WARN_UNUSED_VARIABLE = YES;
				MACOSX_DEPLOYMENT_TARGET = 10.14;
				MTL_ENABLE_DEBUG_INFO = INCLUDE_SOURCE;
				MTL_FAST_MATH = YES;
				ONLY_ACTIVE_ARCH = YES;
				SDKROOT = macosx;
			};
			name = Debug;
		};
		95E2586524CE182600D4D44E /* Release */ = {
			isa = XCBuildConfiguration;
			buildSettings = {
				ALWAYS_SEARCH_USER_PATHS = NO;
				CLANG_ANALYZER_NONNULL = YES;
				CLANG_ANALYZER_NUMBER_OBJECT_CONVERSION = YES_AGGRESSIVE;
				CLANG_CXX_LANGUAGE_STANDARD = "gnu++14";
				CLANG_CXX_LIBRARY = "libc++";
				CLANG_ENABLE_MODULES = YES;
				CLANG_ENABLE_OBJC_ARC = YES;
				CLANG_ENABLE_OBJC_WEAK = YES;
				CLANG_WARN_BLOCK_CAPTURE_AUTORELEASING = YES;
				CLANG_WARN_BOOL_CONVERSION = YES;
				CLANG_WARN_COMMA = YES;
				CLANG_WARN_CONSTANT_CONVERSION = YES;
				CLANG_WARN_DEPRECATED_OBJC_IMPLEMENTATIONS = YES;
				CLANG_WARN_DIRECT_OBJC_ISA_USAGE = YES_ERROR;
				CLANG_WARN_DOCUMENTATION_COMMENTS = YES;
				CLANG_WARN_EMPTY_BODY = YES;
				CLANG_WARN_ENUM_CONVERSION = YES;
				CLANG_WARN_INFINITE_RECURSION = YES;
				CLANG_WARN_INT_CONVERSION = YES;
				CLANG_WARN_NON_LITERAL_NULL_CONVERSION = YES;
				CLANG_WARN_OBJC_IMPLICIT_RETAIN_SELF = YES;
				CLANG_WARN_OBJC_LITERAL_CONVERSION = YES;
				CLANG_WARN_OBJC_ROOT_CLASS = YES_ERROR;
				CLANG_WARN_RANGE_LOOP_ANALYSIS = YES;
				CLANG_WARN_STRICT_PROTOTYPES = YES;
				CLANG_WARN_SUSPICIOUS_MOVE = YES;
				CLANG_WARN_UNGUARDED_AVAILABILITY = YES_AGGRESSIVE;
				CLANG_WARN_UNREACHABLE_CODE = YES;
				CLANG_WARN__DUPLICATE_METHOD_MATCH = YES;
				COPY_PHASE_STRIP = NO;
				DEBUG_INFORMATION_FORMAT = "dwarf-with-dsym";
				ENABLE_NS_ASSERTIONS = NO;
				ENABLE_STRICT_OBJC_MSGSEND = YES;
				GCC_C_LANGUAGE_STANDARD = gnu11;
				GCC_NO_COMMON_BLOCKS = YES;
				GCC_WARN_64_TO_32_BIT_CONVERSION = YES;
				GCC_WARN_ABOUT_RETURN_TYPE = YES_ERROR;
				GCC_WARN_UNDECLARED_SELECTOR = YES;
				GCC_WARN_UNINITIALIZED_AUTOS = YES_AGGRESSIVE;
				GCC_WARN_UNUSED_FUNCTION = YES;
				GCC_WARN_UNUSED_VARIABLE = YES;
				MACOSX_DEPLOYMENT_TARGET = 10.14;
				MTL_ENABLE_DEBUG_INFO = NO;
				MTL_FAST_MATH = YES;
				SDKROOT = macosx;
			};
			name = Release;
		};
		95E2586724CE182600D4D44E /* Debug */ = {
			isa = XCBuildConfiguration;
			baseConfigurationReference = 601D70B246024015F15A85D2 /* Pods-PostMaid.debug.xcconfig */;
			buildSettings = {
				ASSETCATALOG_COMPILER_APPICON_NAME = AppIcon;
				CODE_SIGN_ENTITLEMENTS = PostMaid/PostMaid.entitlements;
				CODE_SIGN_STYLE = Automatic;
				COMBINE_HIDPI_IMAGES = YES;
				DEVELOPMENT_TEAM = 77LJV23TBJ;
				ENABLE_HARDENED_RUNTIME = YES;
				INFOPLIST_FILE = PostMaid/Info.plist;
				LD_RUNPATH_SEARCH_PATHS = (
					"$(inherited)",
					"@executable_path/../Frameworks",
				);
				PRODUCT_BUNDLE_IDENTIFIER = com.hades.PostMaid;
				PRODUCT_NAME = "$(TARGET_NAME)";
			};
			name = Debug;
		};
		95E2586824CE182600D4D44E /* Release */ = {
			isa = XCBuildConfiguration;
			baseConfigurationReference = D62CF66F6EFD7A8382DDC8CB /* Pods-PostMaid.release.xcconfig */;
			buildSettings = {
				ASSETCATALOG_COMPILER_APPICON_NAME = AppIcon;
				CODE_SIGN_ENTITLEMENTS = PostMaid/PostMaid.entitlements;
				CODE_SIGN_STYLE = Automatic;
				COMBINE_HIDPI_IMAGES = YES;
				DEVELOPMENT_TEAM = 77LJV23TBJ;
				ENABLE_HARDENED_RUNTIME = YES;
				INFOPLIST_FILE = PostMaid/Info.plist;
				LD_RUNPATH_SEARCH_PATHS = (
					"$(inherited)",
					"@executable_path/../Frameworks",
				);
				PRODUCT_BUNDLE_IDENTIFIER = com.hades.PostMaid;
				PRODUCT_NAME = "$(TARGET_NAME)";
			};
			name = Release;
		};
		95E2586A24CE182600D4D44E /* Debug */ = {
			isa = XCBuildConfiguration;
			baseConfigurationReference = 12BAAF47B465E5EEC916209C /* Pods-PostMaidTests.debug.xcconfig */;
			buildSettings = {
				BUNDLE_LOADER = "$(TEST_HOST)";
				CODE_SIGN_STYLE = Automatic;
				COMBINE_HIDPI_IMAGES = YES;
				DEVELOPMENT_TEAM = 77LJV23TBJ;
				INFOPLIST_FILE = PostMaidTests/Info.plist;
				LD_RUNPATH_SEARCH_PATHS = (
					"$(inherited)",
					"@executable_path/../Frameworks",
					"@loader_path/../Frameworks",
				);
				MACOSX_DEPLOYMENT_TARGET = 10.14;
				PRODUCT_BUNDLE_IDENTIFIER = com.hadesCo.PostMaidTests;
				PRODUCT_NAME = "$(TARGET_NAME)";
				TEST_HOST = "$(BUILT_PRODUCTS_DIR)/PostMaid.app/Contents/MacOS/PostMaid";
			};
			name = Debug;
		};
		95E2586B24CE182600D4D44E /* Release */ = {
			isa = XCBuildConfiguration;
			baseConfigurationReference = 388E4A81CA641F7B961FE0A9 /* Pods-PostMaidTests.release.xcconfig */;
			buildSettings = {
				BUNDLE_LOADER = "$(TEST_HOST)";
				CODE_SIGN_STYLE = Automatic;
				COMBINE_HIDPI_IMAGES = YES;
				DEVELOPMENT_TEAM = 77LJV23TBJ;
				INFOPLIST_FILE = PostMaidTests/Info.plist;
				LD_RUNPATH_SEARCH_PATHS = (
					"$(inherited)",
					"@executable_path/../Frameworks",
					"@loader_path/../Frameworks",
				);
				MACOSX_DEPLOYMENT_TARGET = 10.14;
				PRODUCT_BUNDLE_IDENTIFIER = com.hadesCo.PostMaidTests;
				PRODUCT_NAME = "$(TARGET_NAME)";
				TEST_HOST = "$(BUILT_PRODUCTS_DIR)/PostMaid.app/Contents/MacOS/PostMaid";
			};
			name = Release;
		};
/* End XCBuildConfiguration section */

/* Begin XCConfigurationList section */
		95E2584224CE182300D4D44E /* Build configuration list for PBXProject "PostMaid" */ = {
			isa = XCConfigurationList;
			buildConfigurations = (
				95E2586424CE182600D4D44E /* Debug */,
				95E2586524CE182600D4D44E /* Release */,
			);
			defaultConfigurationIsVisible = 0;
			defaultConfigurationName = Release;
		};
		95E2586624CE182600D4D44E /* Build configuration list for PBXNativeTarget "PostMaid" */ = {
			isa = XCConfigurationList;
			buildConfigurations = (
				95E2586724CE182600D4D44E /* Debug */,
				95E2586824CE182600D4D44E /* Release */,
			);
			defaultConfigurationIsVisible = 0;
			defaultConfigurationName = Release;
		};
		95E2586924CE182600D4D44E /* Build configuration list for PBXNativeTarget "PostMaidTests" */ = {
			isa = XCConfigurationList;
			buildConfigurations = (
				95E2586A24CE182600D4D44E /* Debug */,
				95E2586B24CE182600D4D44E /* Release */,
			);
			defaultConfigurationIsVisible = 0;
			defaultConfigurationName = Release;
		};
/* End XCConfigurationList section */
	};
	rootObject = 95E2583F24CE182300D4D44E /* Project object */;
}
